// !$*UTF8*$!
{
	archiveVersion = 1;
	classes = {
	};
	objectVersion = 56;
	objects = {

/* Begin PBXBuildFile section */
		0CAD8F792B81535900CAE587 /* PillPalApp.swift in Sources */ = {isa = PBXBuildFile; fileRef = 0CAD8F782B81535900CAE587 /* PillPalApp.swift */; };
		0CAD8F7B2B81535900CAE587 /* ContentView.swift in Sources */ = {isa = PBXBuildFile; fileRef = 0CAD8F7A2B81535900CAE587 /* ContentView.swift */; };
		0CAD8F7D2B81535A00CAE587 /* Assets.xcassets in Resources */ = {isa = PBXBuildFile; fileRef = 0CAD8F7C2B81535A00CAE587 /* Assets.xcassets */; };
		0CAD8F812B81535A00CAE587 /* Preview Assets.xcassets in Resources */ = {isa = PBXBuildFile; fileRef = 0CAD8F802B81535A00CAE587 /* Preview Assets.xcassets */; };
		0CAD8F8B2B81535A00CAE587 /* PillPalTests.swift in Sources */ = {isa = PBXBuildFile; fileRef = 0CAD8F8A2B81535A00CAE587 /* PillPalTests.swift */; };
		0CAD8F952B81535A00CAE587 /* PillPalUITests.swift in Sources */ = {isa = PBXBuildFile; fileRef = 0CAD8F942B81535A00CAE587 /* PillPalUITests.swift */; };
		0CAD8F972B81535A00CAE587 /* PillPalUITestsLaunchTests.swift in Sources */ = {isa = PBXBuildFile; fileRef = 0CAD8F962B81535A00CAE587 /* PillPalUITestsLaunchTests.swift */; };
		0CAD8FA42B8156E600CAE587 /* homeButton.swift in Sources */ = {isa = PBXBuildFile; fileRef = 0CAD8FA32B8156E600CAE587 /* homeButton.swift */; };
/* End PBXBuildFile section */

/* Begin PBXContainerItemProxy section */
		0CAD8F872B81535A00CAE587 /* PBXContainerItemProxy */ = {
			isa = PBXContainerItemProxy;
			containerPortal = 0CAD8F6D2B81535900CAE587 /* Project object */;
			proxyType = 1;
			remoteGlobalIDString = 0CAD8F742B81535900CAE587;
			remoteInfo = PillPal;
		};
		0CAD8F912B81535A00CAE587 /* PBXContainerItemProxy */ = {
			isa = PBXContainerItemProxy;
			containerPortal = 0CAD8F6D2B81535900CAE587 /* Project object */;
			proxyType = 1;
			remoteGlobalIDString = 0CAD8F742B81535900CAE587;
			remoteInfo = PillPal;
		};
/* End PBXContainerItemProxy section */

/* Begin PBXFileReference section */
		0CAD8F752B81535900CAE587 /* PillPal.app */ = {isa = PBXFileReference; explicitFileType = wrapper.application; includeInIndex = 0; path = PillPal.app; sourceTree = BUILT_PRODUCTS_DIR; };
		0CAD8F782B81535900CAE587 /* PillPalApp.swift */ = {isa = PBXFileReference; lastKnownFileType = sourcecode.swift; path = PillPalApp.swift; sourceTree = "<group>"; };
		0CAD8F7A2B81535900CAE587 /* ContentView.swift */ = {isa = PBXFileReference; lastKnownFileType = sourcecode.swift; path = ContentView.swift; sourceTree = "<group>"; };
		0CAD8F7C2B81535A00CAE587 /* Assets.xcassets */ = {isa = PBXFileReference; lastKnownFileType = folder.assetcatalog; path = Assets.xcassets; sourceTree = "<group>"; };
		0CAD8F7E2B81535A00CAE587 /* PillPal.entitlements */ = {isa = PBXFileReference; lastKnownFileType = text.plist.entitlements; path = PillPal.entitlements; sourceTree = "<group>"; };
		0CAD8F802B81535A00CAE587 /* Preview Assets.xcassets */ = {isa = PBXFileReference; lastKnownFileType = folder.assetcatalog; path = "Preview Assets.xcassets"; sourceTree = "<group>"; };
		0CAD8F862B81535A00CAE587 /* PillPalTests.xctest */ = {isa = PBXFileReference; explicitFileType = wrapper.cfbundle; includeInIndex = 0; path = PillPalTests.xctest; sourceTree = BUILT_PRODUCTS_DIR; };
		0CAD8F8A2B81535A00CAE587 /* PillPalTests.swift */ = {isa = PBXFileReference; lastKnownFileType = sourcecode.swift; path = PillPalTests.swift; sourceTree = "<group>"; };
		0CAD8F902B81535A00CAE587 /* PillPalUITests.xctest */ = {isa = PBXFileReference; explicitFileType = wrapper.cfbundle; includeInIndex = 0; path = PillPalUITests.xctest; sourceTree = BUILT_PRODUCTS_DIR; };
		0CAD8F942B81535A00CAE587 /* PillPalUITests.swift */ = {isa = PBXFileReference; lastKnownFileType = sourcecode.swift; path = PillPalUITests.swift; sourceTree = "<group>"; };
		0CAD8F962B81535A00CAE587 /* PillPalUITestsLaunchTests.swift */ = {isa = PBXFileReference; lastKnownFileType = sourcecode.swift; path = PillPalUITestsLaunchTests.swift; sourceTree = "<group>"; };
		0CAD8FA32B8156E600CAE587 /* homeButton.swift */ = {isa = PBXFileReference; lastKnownFileType = sourcecode.swift; path = homeButton.swift; sourceTree = "<group>"; };
/* End PBXFileReference section */

/* Begin PBXFrameworksBuildPhase section */
		0CAD8F722B81535900CAE587 /* Frameworks */ = {
			isa = PBXFrameworksBuildPhase;
			buildActionMask = 2147483647;
			files = (
			);
			runOnlyForDeploymentPostprocessing = 0;
		};
		0CAD8F832B81535A00CAE587 /* Frameworks */ = {
			isa = PBXFrameworksBuildPhase;
			buildActionMask = 2147483647;
			files = (
			);
			runOnlyForDeploymentPostprocessing = 0;
		};
		0CAD8F8D2B81535A00CAE587 /* Frameworks */ = {
			isa = PBXFrameworksBuildPhase;
			buildActionMask = 2147483647;
			files = (
			);
			runOnlyForDeploymentPostprocessing = 0;
		};
/* End PBXFrameworksBuildPhase section */

/* Begin PBXGroup section */
		0CAD8F6C2B81535900CAE587 = {
			isa = PBXGroup;
			children = (
				0CAD8F772B81535900CAE587 /* PillPal */,
				0CAD8F892B81535A00CAE587 /* PillPalTests */,
				0CAD8F932B81535A00CAE587 /* PillPalUITests */,
				0CAD8F762B81535900CAE587 /* Products */,
			);
			sourceTree = "<group>";
		};
		0CAD8F762B81535900CAE587 /* Products */ = {
			isa = PBXGroup;
			children = (
				0CAD8F752B81535900CAE587 /* PillPal.app */,
				0CAD8F862B81535A00CAE587 /* PillPalTests.xctest */,
				0CAD8F902B81535A00CAE587 /* PillPalUITests.xctest */,
			);
			name = Products;
			sourceTree = "<group>";
		};
		0CAD8F772B81535900CAE587 /* PillPal */ = {
			isa = PBXGroup;
			children = (
				0CAD8F782B81535900CAE587 /* PillPalApp.swift */,
				0CAD8F7A2B81535900CAE587 /* ContentView.swift */,
				0CAD8FA32B8156E600CAE587 /* homeButton.swift */,
				0CAD8F7C2B81535A00CAE587 /* Assets.xcassets */,
				0CAD8F7E2B81535A00CAE587 /* PillPal.entitlements */,
				0CAD8F7F2B81535A00CAE587 /* Preview Content */,
			);
			path = PillPal;
			sourceTree = "<group>";
		};
		0CAD8F7F2B81535A00CAE587 /* Preview Content */ = {
			isa = PBXGroup;
			children = (
				0CAD8F802B81535A00CAE587 /* Preview Assets.xcassets */,
			);
			path = "Preview Content";
			sourceTree = "<group>";
		};
		0CAD8F892B81535A00CAE587 /* PillPalTests */ = {
			isa = PBXGroup;
			children = (
				0CAD8F8A2B81535A00CAE587 /* PillPalTests.swift */,
			);
			path = PillPalTests;
			sourceTree = "<group>";
		};
		0CAD8F932B81535A00CAE587 /* PillPalUITests */ = {
			isa = PBXGroup;
			children = (
				0CAD8F942B81535A00CAE587 /* PillPalUITests.swift */,
				0CAD8F962B81535A00CAE587 /* PillPalUITestsLaunchTests.swift */,
			);
			path = PillPalUITests;
			sourceTree = "<group>";
		};
/* End PBXGroup section */

/* Begin PBXNativeTarget section */
		0CAD8F742B81535900CAE587 /* PillPal */ = {
			isa = PBXNativeTarget;
			buildConfigurationList = 0CAD8F9A2B81535A00CAE587 /* Build configuration list for PBXNativeTarget "PillPal" */;
			buildPhases = (
				0CAD8F712B81535900CAE587 /* Sources */,
				0CAD8F722B81535900CAE587 /* Frameworks */,
				0CAD8F732B81535900CAE587 /* Resources */,
			);
			buildRules = (
			);
			dependencies = (
			);
			name = PillPal;
			productName = PillPal;
			productReference = 0CAD8F752B81535900CAE587 /* PillPal.app */;
			productType = "com.apple.product-type.application";
		};
		0CAD8F852B81535A00CAE587 /* PillPalTests */ = {
			isa = PBXNativeTarget;
			buildConfigurationList = 0CAD8F9D2B81535A00CAE587 /* Build configuration list for PBXNativeTarget "PillPalTests" */;
			buildPhases = (
				0CAD8F822B81535A00CAE587 /* Sources */,
				0CAD8F832B81535A00CAE587 /* Frameworks */,
				0CAD8F842B81535A00CAE587 /* Resources */,
			);
			buildRules = (
			);
			dependencies = (
				0CAD8F882B81535A00CAE587 /* PBXTargetDependency */,
			);
			name = PillPalTests;
			productName = PillPalTests;
			productReference = 0CAD8F862B81535A00CAE587 /* PillPalTests.xctest */;
			productType = "com.apple.product-type.bundle.unit-test";
		};
		0CAD8F8F2B81535A00CAE587 /* PillPalUITests */ = {
			isa = PBXNativeTarget;
			buildConfigurationList = 0CAD8FA02B81535A00CAE587 /* Build configuration list for PBXNativeTarget "PillPalUITests" */;
			buildPhases = (
				0CAD8F8C2B81535A00CAE587 /* Sources */,
				0CAD8F8D2B81535A00CAE587 /* Frameworks */,
				0CAD8F8E2B81535A00CAE587 /* Resources */,
			);
			buildRules = (
			);
			dependencies = (
				0CAD8F922B81535A00CAE587 /* PBXTargetDependency */,
			);
			name = PillPalUITests;
			productName = PillPalUITests;
			productReference = 0CAD8F902B81535A00CAE587 /* PillPalUITests.xctest */;
			productType = "com.apple.product-type.bundle.ui-testing";
		};
/* End PBXNativeTarget section */

/* Begin PBXProject section */
		0CAD8F6D2B81535900CAE587 /* Project object */ = {
			isa = PBXProject;
			attributes = {
				BuildIndependentTargetsInParallel = 1;
				LastSwiftUpdateCheck = 1520;
				LastUpgradeCheck = 1520;
				TargetAttributes = {
					0CAD8F742B81535900CAE587 = {
						CreatedOnToolsVersion = 15.2;
					};
					0CAD8F852B81535A00CAE587 = {
						CreatedOnToolsVersion = 15.2;
						TestTargetID = 0CAD8F742B81535900CAE587;
					};
					0CAD8F8F2B81535A00CAE587 = {
						CreatedOnToolsVersion = 15.2;
						TestTargetID = 0CAD8F742B81535900CAE587;
					};
				};
			};
			buildConfigurationList = 0CAD8F702B81535900CAE587 /* Build configuration list for PBXProject "PillPal" */;
			compatibilityVersion = "Xcode 14.0";
			developmentRegion = en;
			hasScannedForEncodings = 0;
			knownRegions = (
				en,
				Base,
			);
			mainGroup = 0CAD8F6C2B81535900CAE587;
			productRefGroup = 0CAD8F762B81535900CAE587 /* Products */;
			projectDirPath = "";
			projectRoot = "";
			targets = (
				0CAD8F742B81535900CAE587 /* PillPal */,
				0CAD8F852B81535A00CAE587 /* PillPalTests */,
				0CAD8F8F2B81535A00CAE587 /* PillPalUITests */,
			);
		};
/* End PBXProject section */

/* Begin PBXResourcesBuildPhase section */
		0CAD8F732B81535900CAE587 /* Resources */ = {
			isa = PBXResourcesBuildPhase;
			buildActionMask = 2147483647;
			files = (
				0CAD8F812B81535A00CAE587 /* Preview Assets.xcassets in Resources */,
				0CAD8F7D2B81535A00CAE587 /* Assets.xcassets in Resources */,
			);
			runOnlyForDeploymentPostprocessing = 0;
		};
		0CAD8F842B81535A00CAE587 /* Resources */ = {
			isa = PBXResourcesBuildPhase;
			buildActionMask = 2147483647;
			files = (
			);
			runOnlyForDeploymentPostprocessing = 0;
		};
		0CAD8F8E2B81535A00CAE587 /* Resources */ = {
			isa = PBXResourcesBuildPhase;
			buildActionMask = 2147483647;
			files = (
			);
			runOnlyForDeploymentPostprocessing = 0;
		};
/* End PBXResourcesBuildPhase section */

/* Begin PBXSourcesBuildPhase section */
		0CAD8F712B81535900CAE587 /* Sources */ = {
			isa = PBXSourcesBuildPhase;
			buildActionMask = 2147483647;
			files = (
				0CAD8F7B2B81535900CAE587 /* ContentView.swift in Sources */,
				0CAD8F792B81535900CAE587 /* PillPalApp.swift in Sources */,
				0CAD8FA42B8156E600CAE587 /* homeButton.swift in Sources */,
			);
			runOnlyForDeploymentPostprocessing = 0;
		};
		0CAD8F822B81535A00CAE587 /* Sources */ = {
			isa = PBXSourcesBuildPhase;
			buildActionMask = 2147483647;
			files = (
				0CAD8F8B2B81535A00CAE587 /* PillPalTests.swift in Sources */,
			);
			runOnlyForDeploymentPostprocessing = 0;
		};
		0CAD8F8C2B81535A00CAE587 /* Sources */ = {
			isa = PBXSourcesBuildPhase;
			buildActionMask = 2147483647;
			files = (
				0CAD8F952B81535A00CAE587 /* PillPalUITests.swift in Sources */,
				0CAD8F972B81535A00CAE587 /* PillPalUITestsLaunchTests.swift in Sources */,
			);
			runOnlyForDeploymentPostprocessing = 0;
		};
/* End PBXSourcesBuildPhase section */

/* Begin PBXTargetDependency section */
		0CAD8F882B81535A00CAE587 /* PBXTargetDependency */ = {
			isa = PBXTargetDependency;
			target = 0CAD8F742B81535900CAE587 /* PillPal */;
			targetProxy = 0CAD8F872B81535A00CAE587 /* PBXContainerItemProxy */;
		};
		0CAD8F922B81535A00CAE587 /* PBXTargetDependency */ = {
			isa = PBXTargetDependency;
			target = 0CAD8F742B81535900CAE587 /* PillPal */;
			targetProxy = 0CAD8F912B81535A00CAE587 /* PBXContainerItemProxy */;
		};
/* End PBXTargetDependency section */

/* Begin XCBuildConfiguration section */
		0CAD8F982B81535A00CAE587 /* Debug */ = {
			isa = XCBuildConfiguration;
			buildSettings = {
				ALWAYS_SEARCH_USER_PATHS = NO;
				ASSETCATALOG_COMPILER_GENERATE_SWIFT_ASSET_SYMBOL_EXTENSIONS = YES;
				CLANG_ANALYZER_NONNULL = YES;
				CLANG_ANALYZER_NUMBER_OBJECT_CONVERSION = YES_AGGRESSIVE;
				CLANG_CXX_LANGUAGE_STANDARD = "gnu++20";
				CLANG_ENABLE_MODULES = YES;
				CLANG_ENABLE_OBJC_ARC = YES;
				CLANG_ENABLE_OBJC_WEAK = YES;
				CLANG_WARN_BLOCK_CAPTURE_AUTORELEASING = YES;
				CLANG_WARN_BOOL_CONVERSION = YES;
				CLANG_WARN_COMMA = YES;
				CLANG_WARN_CONSTANT_CONVERSION = YES;
				CLANG_WARN_DEPRECATED_OBJC_IMPLEMENTATIONS = YES;
				CLANG_WARN_DIRECT_OBJC_ISA_USAGE = YES_ERROR;
				CLANG_WARN_DOCUMENTATION_COMMENTS = YES;
				CLANG_WARN_EMPTY_BODY = YES;
				CLANG_WARN_ENUM_CONVERSION = YES;
				CLANG_WARN_INFINITE_RECURSION = YES;
				CLANG_WARN_INT_CONVERSION = YES;
				CLANG_WARN_NON_LITERAL_NULL_CONVERSION = YES;
				CLANG_WARN_OBJC_IMPLICIT_RETAIN_SELF = YES;
				CLANG_WARN_OBJC_LITERAL_CONVERSION = YES;
				CLANG_WARN_OBJC_ROOT_CLASS = YES_ERROR;
				CLANG_WARN_QUOTED_INCLUDE_IN_FRAMEWORK_HEADER = YES;
				CLANG_WARN_RANGE_LOOP_ANALYSIS = YES;
				CLANG_WARN_STRICT_PROTOTYPES = YES;
				CLANG_WARN_SUSPICIOUS_MOVE = YES;
				CLANG_WARN_UNGUARDED_AVAILABILITY = YES_AGGRESSIVE;
				CLANG_WARN_UNREACHABLE_CODE = YES;
				CLANG_WARN__DUPLICATE_METHOD_MATCH = YES;
				COPY_PHASE_STRIP = NO;
				DEBUG_INFORMATION_FORMAT = dwarf;
				ENABLE_STRICT_OBJC_MSGSEND = YES;
				ENABLE_TESTABILITY = YES;
				ENABLE_USER_SCRIPT_SANDBOXING = YES;
				GCC_C_LANGUAGE_STANDARD = gnu17;
				GCC_DYNAMIC_NO_PIC = NO;
				GCC_NO_COMMON_BLOCKS = YES;
				GCC_OPTIMIZATION_LEVEL = 0;
				GCC_PREPROCESSOR_DEFINITIONS = (
					"DEBUG=1",
					"$(inherited)",
				);
				GCC_WARN_64_TO_32_BIT_CONVERSION = YES;
				GCC_WARN_ABOUT_RETURN_TYPE = YES_ERROR;
				GCC_WARN_UNDECLARED_SELECTOR = YES;
				GCC_WARN_UNINITIALIZED_AUTOS = YES_AGGRESSIVE;
				GCC_WARN_UNUSED_FUNCTION = YES;
				GCC_WARN_UNUSED_VARIABLE = YES;
				LOCALIZATION_PREFERS_STRING_CATALOGS = YES;
				MTL_ENABLE_DEBUG_INFO = INCLUDE_SOURCE;
				MTL_FAST_MATH = YES;
				ONLY_ACTIVE_ARCH = YES;
				SWIFT_ACTIVE_COMPILATION_CONDITIONS = "DEBUG $(inherited)";
				SWIFT_OPTIMIZATION_LEVEL = "-Onone";
			};
			name = Debug;
		};
		0CAD8F992B81535A00CAE587 /* Release */ = {
			isa = XCBuildConfiguration;
			buildSettings = {
				ALWAYS_SEARCH_USER_PATHS = NO;
				ASSETCATALOG_COMPILER_GENERATE_SWIFT_ASSET_SYMBOL_EXTENSIONS = YES;
				CLANG_ANALYZER_NONNULL = YES;
				CLANG_ANALYZER_NUMBER_OBJECT_CONVERSION = YES_AGGRESSIVE;
				CLANG_CXX_LANGUAGE_STANDARD = "gnu++20";
				CLANG_ENABLE_MODULES = YES;
				CLANG_ENABLE_OBJC_ARC = YES;
				CLANG_ENABLE_OBJC_WEAK = YES;
				CLANG_WARN_BLOCK_CAPTURE_AUTORELEASING = YES;
				CLANG_WARN_BOOL_CONVERSION = YES;
				CLANG_WARN_COMMA = YES;
				CLANG_WARN_CONSTANT_CONVERSION = YES;
				CLANG_WARN_DEPRECATED_OBJC_IMPLEMENTATIONS = YES;
				CLANG_WARN_DIRECT_OBJC_ISA_USAGE = YES_ERROR;
				CLANG_WARN_DOCUMENTATION_COMMENTS = YES;
				CLANG_WARN_EMPTY_BODY = YES;
				CLANG_WARN_ENUM_CONVERSION = YES;
				CLANG_WARN_INFINITE_RECURSION = YES;
				CLANG_WARN_INT_CONVERSION = YES;
				CLANG_WARN_NON_LITERAL_NULL_CONVERSION = YES;
				CLANG_WARN_OBJC_IMPLICIT_RETAIN_SELF = YES;
				CLANG_WARN_OBJC_LITERAL_CONVERSION = YES;
				CLANG_WARN_OBJC_ROOT_CLASS = YES_ERROR;
				CLANG_WARN_QUOTED_INCLUDE_IN_FRAMEWORK_HEADER = YES;
				CLANG_WARN_RANGE_LOOP_ANALYSIS = YES;
				CLANG_WARN_STRICT_PROTOTYPES = YES;
				CLANG_WARN_SUSPICIOUS_MOVE = YES;
				CLANG_WARN_UNGUARDED_AVAILABILITY = YES_AGGRESSIVE;
				CLANG_WARN_UNREACHABLE_CODE = YES;
				CLANG_WARN__DUPLICATE_METHOD_MATCH = YES;
				COPY_PHASE_STRIP = NO;
				DEBUG_INFORMATION_FORMAT = "dwarf-with-dsym";
				ENABLE_NS_ASSERTIONS = NO;
				ENABLE_STRICT_OBJC_MSGSEND = YES;
				ENABLE_USER_SCRIPT_SANDBOXING = YES;
				GCC_C_LANGUAGE_STANDARD = gnu17;
				GCC_NO_COMMON_BLOCKS = YES;
				GCC_WARN_64_TO_32_BIT_CONVERSION = YES;
				GCC_WARN_ABOUT_RETURN_TYPE = YES_ERROR;
				GCC_WARN_UNDECLARED_SELECTOR = YES;
				GCC_WARN_UNINITIALIZED_AUTOS = YES_AGGRESSIVE;
				GCC_WARN_UNUSED_FUNCTION = YES;
				GCC_WARN_UNUSED_VARIABLE = YES;
				LOCALIZATION_PREFERS_STRING_CATALOGS = YES;
				MTL_ENABLE_DEBUG_INFO = NO;
				MTL_FAST_MATH = YES;
				SWIFT_COMPILATION_MODE = wholemodule;
			};
			name = Release;
		};
		0CAD8F9B2B81535A00CAE587 /* Debug */ = {
			isa = XCBuildConfiguration;
			buildSettings = {
				ASSETCATALOG_COMPILER_APPICON_NAME = AppIcon;
				ASSETCATALOG_COMPILER_GLOBAL_ACCENT_COLOR_NAME = AccentColor;
				CODE_SIGN_ENTITLEMENTS = PillPal/PillPal.entitlements;
				CODE_SIGN_STYLE = Automatic;
				CURRENT_PROJECT_VERSION = 1;
				DEVELOPMENT_ASSET_PATHS = "\"PillPal/Preview Content\"";
				ENABLE_PREVIEWS = YES;
				GENERATE_INFOPLIST_FILE = YES;
				"INFOPLIST_KEY_UIApplicationSceneManifest_Generation[sdk=iphoneos*]" = YES;
				"INFOPLIST_KEY_UIApplicationSceneManifest_Generation[sdk=iphonesimulator*]" = YES;
				"INFOPLIST_KEY_UIApplicationSupportsIndirectInputEvents[sdk=iphoneos*]" = YES;
				"INFOPLIST_KEY_UIApplicationSupportsIndirectInputEvents[sdk=iphonesimulator*]" = YES;
				"INFOPLIST_KEY_UILaunchScreen_Generation[sdk=iphoneos*]" = YES;
				"INFOPLIST_KEY_UILaunchScreen_Generation[sdk=iphonesimulator*]" = YES;
				"INFOPLIST_KEY_UIStatusBarStyle[sdk=iphoneos*]" = UIStatusBarStyleDefault;
				"INFOPLIST_KEY_UIStatusBarStyle[sdk=iphonesimulator*]" = UIStatusBarStyleDefault;
				INFOPLIST_KEY_UISupportedInterfaceOrientations_iPad = "UIInterfaceOrientationPortrait UIInterfaceOrientationPortraitUpsideDown UIInterfaceOrientationLandscapeLeft UIInterfaceOrientationLandscapeRight";
				INFOPLIST_KEY_UISupportedInterfaceOrientations_iPhone = "UIInterfaceOrientationPortrait UIInterfaceOrientationLandscapeLeft UIInterfaceOrientationLandscapeRight";
				IPHONEOS_DEPLOYMENT_TARGET = 17.2;
				LD_RUNPATH_SEARCH_PATHS = "@executable_path/Frameworks";
				"LD_RUNPATH_SEARCH_PATHS[sdk=macosx*]" = "@executable_path/../Frameworks";
				MACOSX_DEPLOYMENT_TARGET = 14.2;
				MARKETING_VERSION = 1.0;
				PRODUCT_BUNDLE_IDENTIFIER = ameshabanjara.PillPal;
				PRODUCT_NAME = "$(TARGET_NAME)";
				SDKROOT = auto;
				SUPPORTED_PLATFORMS = "iphoneos iphonesimulator macosx";
				SWIFT_EMIT_LOC_STRINGS = YES;
				SWIFT_VERSION = 5.0;
				TARGETED_DEVICE_FAMILY = "1,2";
			};
			name = Debug;
		};
		0CAD8F9C2B81535A00CAE587 /* Release */ = {
			isa = XCBuildConfiguration;
			buildSettings = {
				ASSETCATALOG_COMPILER_APPICON_NAME = AppIcon;
				ASSETCATALOG_COMPILER_GLOBAL_ACCENT_COLOR_NAME = AccentColor;
				CODE_SIGN_ENTITLEMENTS = PillPal/PillPal.entitlements;
				CODE_SIGN_STYLE = Automatic;
				CURRENT_PROJECT_VERSION = 1;
				DEVELOPMENT_ASSET_PATHS = "\"PillPal/Preview Content\"";
				ENABLE_PREVIEWS = YES;
				GENERATE_INFOPLIST_FILE = YES;
				"INFOPLIST_KEY_UIApplicationSceneManifest_Generation[sdk=iphoneos*]" = YES;
				"INFOPLIST_KEY_UIApplicationSceneManifest_Generation[sdk=iphonesimulator*]" = YES;
				"INFOPLIST_KEY_UIApplicationSupportsIndirectInputEvents[sdk=iphoneos*]" = YES;
				"INFOPLIST_KEY_UIApplicationSupportsIndirectInputEvents[sdk=iphonesimulator*]" = YES;
				"INFOPLIST_KEY_UILaunchScreen_Generation[sdk=iphoneos*]" = YES;
				"INFOPLIST_KEY_UILaunchScreen_Generation[sdk=iphonesimulator*]" = YES;
				"INFOPLIST_KEY_UIStatusBarStyle[sdk=iphoneos*]" = UIStatusBarStyleDefault;
				"INFOPLIST_KEY_UIStatusBarStyle[sdk=iphonesimulator*]" = UIStatusBarStyleDefault;
				INFOPLIST_KEY_UISupportedInterfaceOrientations_iPad = "UIInterfaceOrientationPortrait UIInterfaceOrientationPortraitUpsideDown UIInterfaceOrientationLandscapeLeft UIInterfaceOrientationLandscapeRight";
				INFOPLIST_KEY_UISupportedInterfaceOrientations_iPhone = "UIInterfaceOrientationPortrait UIInterfaceOrientationLandscapeLeft UIInterfaceOrientationLandscapeRight";
				IPHONEOS_DEPLOYMENT_TARGET = 17.2;
				LD_RUNPATH_SEARCH_PATHS = "@executable_path/Frameworks";
				"LD_RUNPATH_SEARCH_PATHS[sdk=macosx*]" = "@executable_path/../Frameworks";
				MACOSX_DEPLOYMENT_TARGET = 14.2;
				MARKETING_VERSION = 1.0;
				PRODUCT_BUNDLE_IDENTIFIER = ameshabanjara.PillPal;
				PRODUCT_NAME = "$(TARGET_NAME)";
				SDKROOT = auto;
				SUPPORTED_PLATFORMS = "iphoneos iphonesimulator macosx";
				SWIFT_EMIT_LOC_STRINGS = YES;
				SWIFT_VERSION = 5.0;
				TARGETED_DEVICE_FAMILY = "1,2";
			};
			name = Release;
		};
		0CAD8F9E2B81535A00CAE587 /* Debug */ = {
			isa = XCBuildConfiguration;
			buildSettings = {
				ALWAYS_EMBED_SWIFT_STANDARD_LIBRARIES = YES;
				BUNDLE_LOADER = "$(TEST_HOST)";
				CODE_SIGN_STYLE = Automatic;
				CURRENT_PROJECT_VERSION = 1;
				GENERATE_INFOPLIST_FILE = YES;
				IPHONEOS_DEPLOYMENT_TARGET = 17.2;
				MACOSX_DEPLOYMENT_TARGET = 14.2;
				MARKETING_VERSION = 1.0;
				PRODUCT_BUNDLE_IDENTIFIER = ameshabanjara.PillPalTests;
				PRODUCT_NAME = "$(TARGET_NAME)";
				SDKROOT = auto;
				SUPPORTED_PLATFORMS = "iphoneos iphonesimulator macosx";
				SWIFT_EMIT_LOC_STRINGS = NO;
				SWIFT_VERSION = 5.0;
				TARGETED_DEVICE_FAMILY = "1,2";
				TEST_HOST = "$(BUILT_PRODUCTS_DIR)/PillPal.app/$(BUNDLE_EXECUTABLE_FOLDER_PATH)/PillPal";
			};
			name = Debug;
		};
		0CAD8F9F2B81535A00CAE587 /* Release */ = {
			isa = XCBuildConfiguration;
			buildSettings = {
				ALWAYS_EMBED_SWIFT_STANDARD_LIBRARIES = YES;
				BUNDLE_LOADER = "$(TEST_HOST)";
				CODE_SIGN_STYLE = Automatic;
				CURRENT_PROJECT_VERSION = 1;
				GENERATE_INFOPLIST_FILE = YES;
				IPHONEOS_DEPLOYMENT_TARGET = 17.2;
				MACOSX_DEPLOYMENT_TARGET = 14.2;
				MARKETING_VERSION = 1.0;
				PRODUCT_BUNDLE_IDENTIFIER = ameshabanjara.PillPalTests;
				PRODUCT_NAME = "$(TARGET_NAME)";
				SDKROOT = auto;
				SUPPORTED_PLATFORMS = "iphoneos iphonesimulator macosx";
				SWIFT_EMIT_LOC_STRINGS = NO;
				SWIFT_VERSION = 5.0;
				TARGETED_DEVICE_FAMILY = "1,2";
				TEST_HOST = "$(BUILT_PRODUCTS_DIR)/PillPal.app/$(BUNDLE_EXECUTABLE_FOLDER_PATH)/PillPal";
			};
			name = Release;
		};
		0CAD8FA12B81535A00CAE587 /* Debug */ = {
			isa = XCBuildConfiguration;
			buildSettings = {
				ALWAYS_EMBED_SWIFT_STANDARD_LIBRARIES = YES;
				CODE_SIGN_STYLE = Automatic;
				CURRENT_PROJECT_VERSION = 1;
				GENERATE_INFOPLIST_FILE = YES;
				IPHONEOS_DEPLOYMENT_TARGET = 17.2;
				MACOSX_DEPLOYMENT_TARGET = 14.2;
				MARKETING_VERSION = 1.0;
				PRODUCT_BUNDLE_IDENTIFIER = ameshabanjara.PillPalUITests;
				PRODUCT_NAME = "$(TARGET_NAME)";
				SDKROOT = auto;
				SUPPORTED_PLATFORMS = "iphoneos iphonesimulator macosx";
				SWIFT_EMIT_LOC_STRINGS = NO;
				SWIFT_VERSION = 5.0;
				TARGETED_DEVICE_FAMILY = "1,2";
				TEST_TARGET_NAME = PillPal;
			};
			name = Debug;
		};
		0CAD8FA22B81535A00CAE587 /* Release */ = {
			isa = XCBuildConfiguration;
			buildSettings = {
				ALWAYS_EMBED_SWIFT_STANDARD_LIBRARIES = YES;
				CODE_SIGN_STYLE = Automatic;
				CURRENT_PROJECT_VERSION = 1;
				GENERATE_INFOPLIST_FILE = YES;
				IPHONEOS_DEPLOYMENT_TARGET = 17.2;
				MACOSX_DEPLOYMENT_TARGET = 14.2;
				MARKETING_VERSION = 1.0;
				PRODUCT_BUNDLE_IDENTIFIER = ameshabanjara.PillPalUITests;
				PRODUCT_NAME = "$(TARGET_NAME)";
				SDKROOT = auto;
				SUPPORTED_PLATFORMS = "iphoneos iphonesimulator macosx";
				SWIFT_EMIT_LOC_STRINGS = NO;
				SWIFT_VERSION = 5.0;
				TARGETED_DEVICE_FAMILY = "1,2";
				TEST_TARGET_NAME = PillPal;
			};
			name = Release;
		};
/* End XCBuildConfiguration section */

/* Begin XCConfigurationList section */
		0CAD8F702B81535900CAE587 /* Build configuration list for PBXProject "PillPal" */ = {
			isa = XCConfigurationList;
			buildConfigurations = (
				0CAD8F982B81535A00CAE587 /* Debug */,
				0CAD8F992B81535A00CAE587 /* Release */,
			);
			defaultConfigurationIsVisible = 0;
			defaultConfigurationName = Release;
		};
		0CAD8F9A2B81535A00CAE587 /* Build configuration list for PBXNativeTarget "PillPal" */ = {
			isa = XCConfigurationList;
			buildConfigurations = (
				0CAD8F9B2B81535A00CAE587 /* Debug */,
				0CAD8F9C2B81535A00CAE587 /* Release */,
			);
			defaultConfigurationIsVisible = 0;
			defaultConfigurationName = Release;
		};
		0CAD8F9D2B81535A00CAE587 /* Build configuration list for PBXNativeTarget "PillPalTests" */ = {
			isa = XCConfigurationList;
			buildConfigurations = (
				0CAD8F9E2B81535A00CAE587 /* Debug */,
				0CAD8F9F2B81535A00CAE587 /* Release */,
			);
			defaultConfigurationIsVisible = 0;
			defaultConfigurationName = Release;
		};
		0CAD8FA02B81535A00CAE587 /* Build configuration list for PBXNativeTarget "PillPalUITests" */ = {
			isa = XCConfigurationList;
			buildConfigurations = (
				0CAD8FA12B81535A00CAE587 /* Debug */,
				0CAD8FA22B81535A00CAE587 /* Release */,
			);
			defaultConfigurationIsVisible = 0;
			defaultConfigurationName = Release;
		};
/* End XCConfigurationList section */
	};
	rootObject = 0CAD8F6D2B81535900CAE587 /* Project object */;
}
